PODS:
  - asn1_plugin (0.0.1):
    - Flutter
  - connection_network_type (0.0.1):
    - Flutter
    - ReachabilitySwift
  - device_info (0.0.1):
    - Flutter
  - Flutter (1.0.0)
  - flutter_kronos (0.0.1):
    - Flutter
    - Kronos (= 4.1.0)
  - flutter_secure_storage (6.0.0):
    - Flutter
  - geolocator_apple (1.2.0):
    - Flutter
  - Kronos (4.1.0)
  - native_device_orientation (0.0.1):
    - Flutter
  - package_info_plus (0.4.5):
    - Flutter
  - path_provider_foundation (0.0.1):
    - Flutter
    - FlutterMacOS
  - permission_handler_apple (9.3.0):
    - Flutter
  - ReachabilitySwift (5.2.3)
  - shared_preferences_foundation (0.0.1):
    - Flutter
    - FlutterMacOS
  - telephony (0.0.1):
    - Flutter

DEPENDENCIES:
  - asn1_plugin (from `.symlinks/plugins/asn1_plugin/ios`)
  - connection_network_type (from `.symlinks/plugins/connection_network_type/ios`)
  - device_info (from `.symlinks/plugins/device_info/ios`)
  - Flutter (from `Flutter`)
  - flutter_kronos (from `.symlinks/plugins/flutter_kronos/ios`)
  - flutter_secure_storage (from `.symlinks/plugins/flutter_secure_storage/ios`)
  - geolocator_apple (from `.symlinks/plugins/geolocator_apple/ios`)
  - native_device_orientation (from `.symlinks/plugins/native_device_orientation/ios`)
  - package_info_plus (from `.symlinks/plugins/package_info_plus/ios`)
  - path_provider_foundation (from `.symlinks/plugins/path_provider_foundation/darwin`)
  - permission_handler_apple (from `.symlinks/plugins/permission_handler_apple/ios`)
  - shared_preferences_foundation (from `.symlinks/plugins/shared_preferences_foundation/darwin`)
  - telephony (from `.symlinks/plugins/telephony/ios`)

SPEC REPOS:
  trunk:
    - Kronos
    - ReachabilitySwift

EXTERNAL SOURCES:
  asn1_plugin:
    :path: ".symlinks/plugins/asn1_plugin/ios"
  connection_network_type:
    :path: ".symlinks/plugins/connection_network_type/ios"
  device_info:
    :path: ".symlinks/plugins/device_info/ios"
  Flutter:
    :path: Flutter
  flutter_kronos:
    :path: ".symlinks/plugins/flutter_kronos/ios"
  flutter_secure_storage:
    :path: ".symlinks/plugins/flutter_secure_storage/ios"
  geolocator_apple:
    :path: ".symlinks/plugins/geolocator_apple/ios"
  native_device_orientation:
    :path: ".symlinks/plugins/native_device_orientation/ios"
  package_info_plus:
    :path: ".symlinks/plugins/package_info_plus/ios"
  path_provider_foundation:
    :path: ".symlinks/plugins/path_provider_foundation/darwin"
  permission_handler_apple:
    :path: ".symlinks/plugins/permission_handler_apple/ios"
  shared_preferences_foundation:
    :path: ".symlinks/plugins/shared_preferences_foundation/darwin"
  telephony:
    :path: ".symlinks/plugins/telephony/ios"

SPEC CHECKSUMS:
  asn1_plugin: 1423faca64bc67ca13335f3ff3b4d8bcbd557c46
  connection_network_type: 160e62717f4cfc913811aa4e4ccf7f4e60497936
  device_info: d7d233b645a32c40dfdc212de5cf646ca482f175
  Flutter: e0871f40cf51350855a761d2e70bf5af5b9b5de7
  flutter_kronos: c322b87c805240e8a6ba9d4203cb5c2c174912d1
  flutter_secure_storage: d33dac7ae2ea08509be337e775f6b59f1ff45f12
  geolocator_apple: 6cbaf322953988e009e5ecb481f07efece75c450
  Kronos: d67579565469f57fae67ac7985c3881738f02075
  native_device_orientation: 348b10c346a60ebbc62fb235a4fdb5d1b61a8f55
  package_info_plus: 58f0028419748fad15bf008b270aaa8e54380b1c
  path_provider_foundation: 2b6b4c569c0fb62ec74538f866245ac84301af46
  permission_handler_apple: 9878588469a2b0d0fc1e048d9f43605f92e6cec2
  ReachabilitySwift: 7f151ff156cea1481a8411701195ac6a984f4979
  shared_preferences_foundation: fcdcbc04712aee1108ac7fda236f363274528f78
  telephony: c41768fae9fb5495781b05a72004106ca33ec777

PODFILE CHECKSUM: dddfc67e623a2a338709fe99a06af3dfd5487372

COCOAPODS: 1.15.2
